version = 1
revision = 3
requires-python = ">=3.9"

[[package]]
name = "fastavro"
version = "1.12.2"
source = { registry = "https://pypi.org/simple" }
sdist = { url = "https://files.pythonhosted.org/packages/6e/5b/ccb338db71f347e3bc031d268bf6dc41e5ead63b6997b8e72af92f05e18e/fastavro-1.12.2.tar.gz", hash = "sha256:3c79502d56cf6b76210032e1c53494ddfbc73c140bccf2ef4092b3f0825323ab", size = 1030127, upload-time = "2026-04-24T14:36:01.269Z" }
wheels = [
    { url = "https://files.pythonhosted.org/packages/3c/91/16c3508447e7cf9f413a6a01792a990ed94d17505fc80a7fb76027078aed/fastavro-1.12.2-cp310-cp310-macosx_10_9_universal2.whl", hash = "sha256:c7c6d26c731a0e1e8e7d4ae8f13ae524eb6ec0e90d99c8147a19fdbae14eb807", size = 976824, upload-time = "2026-04-24T14:36:04.233Z" },
    { url = "https://files.pythonhosted.org/packages/2d/3a/97534561a1b4615366345ac066ad1f54698a59aa510eece3153c3a603d29/fastavro-1.12.2-cp310-cp310-manylinux2014_aarch64.manylinux_2_17_aarch64.manylinux_2_28_aarch64.whl", hash = "sha256:7caeecf519eff50f007ca4bee16b6e0a8252e5fe682c94432192a20867239888", size = 3185186, upload-time = "2026-04-24T14:36:06.395Z" },
    { url = "https://files.pythonhosted.org/packages/ee/e4/26512b52f58305b9d2194169de2e82c16d5131f0a0b6359e50d34faf4021/fastavro-1.12.2-cp310-cp310-manylinux2014_x86_64.manylinux_2_17_x86_64.manylinux_2_28_x86_64.whl", hash = "sha256:731aefe6c4bf2bafa0798ef83927676d06e44d1d18202cfb56d63b40422ab900", size = 3196799, upload-time = "2026-04-24T14:36:09.028Z" },
    { url = "https://files.pythonhosted.org/packages/58/69/22f3b29a4555eb805a26f209f12532df8aafa48685d1cd1879aa42758d04/fastavro-1.12.2-cp310-cp310-musllinux_1_2_aarch64.whl", hash = "sha256:f089f24225a28ddafa5cfad7c41cfa84db1a55f2d473370769a95c0e3bac60c9", size = 3112396, upload-time = "2026-04-24T14:36:11.401Z" },
    { url = "https://files.pythonhosted.org/packages/e9/2a/fc61ef522050e1079ccf1aee07192881f3b11129f5e2b76811fd4fc3bb2f/fastavro-1.12.2-cp310-cp310-musllinux_1_2_x86_64.whl", hash = "sha256:653c4f90dd21d8a1e74309919e08934e420d9aef51d051d14bf5a1c0e8293c22", size = 3180452, upload-time = "2026-04-24T14:36:13.634Z" },
    { url = "https://files.pythonhosted.org/packages/a6/6a/43ce9d713e9f1122e19c80d94d0dc0a356b8562d33eea90081dac781dd97/fastavro-1.12.2-cp310-cp310-win_amd64.whl", hash = "sha256:030f17eb4c7978538a31b55dea451ceace851a88dc9816b1923f8fb8a260db4c", size = 445396, upload-time = "2026-04-24T14:36:15.243Z" },
    { url = "https://files.pythonhosted.org/packages/89/77/058f3c93348624cb695399b27f3f0c1c3d1190586065797e4a48f75d4147/fastavro-1.12.2-cp311-cp311-macosx_10_9_universal2.whl", hash = "sha256:d48cd7094598a7e9d4297e8bf4bbe0dc9dc2ba4367d83dbb603e3b3c6aa35566", size = 974559, upload-time = "2026-04-24T14:36:17.172Z" },
    { url = "https://files.pythonhosted.org/packages/a5/ef/08bbfa643addd2b98a9ce536613e2098928aa5e3ca098fd5b74f3c03b96a/fastavro-1.12.2-cp311-cp311-manylinux2014_aarch64.manylinux_2_17_aarch64.manylinux_2_28_aarch64.whl", hash = "sha256:070c6134604bd7b6fd44409406ac50445339682b2e872885db2e859f92d22e93", size = 3352777, upload-time = "2026-04-24T14:36:19.679Z" },
    { url = "https://files.pythonhosted.org/packages/d3/ec/55c11108529bdb59e635899f737651f729485ea5af36e128fb6560969c3d/fastavro-1.12.2-cp311-cp311-manylinux2014_x86_64.manylinux_2_17_x86_64.manylinux_2_28_x86_64.whl", hash = "sha256:2b73d50978d5e57416fa68461f9f3c8f39ea39e761cb1e12f919745adefe26a7", size = 3387036, upload-time = "2026-04-24T14:36:21.794Z" },
    { url = "https://files.pythonhosted.org/packages/d9/b3/4459f7c61804e9b42b49f02fba8fbbb041af76c7cab43cee4018532ecd00/fastavro-1.12.2-cp311-cp311-musllinux_1_2_aarch64.whl", hash = "sha256:c57a9920400166398695d92580eca21fd7a79f3c67d691ac7e20a7d1b5300735", size = 3284780, upload-time = "2026-04-24T14:36:24.193Z" },
    { url = "https://files.pythonhosted.org/packages/5d/e3/d7f510b9b8c7b73409a6232a9a8d282faa8560f85d024d7212e4c5dff3df/fastavro-1.12.2-cp311-cp311-musllinux_1_2_x86_64.whl", hash = "sha256:81f6108f3ac292fb6cd05758c9e531389d8fc5e94e8c949b9298f4fb0a239662", size = 3368557, upload-time = "2026-04-24T14:36:26.667Z" },
    { url = "https://files.pythonhosted.org/packages/cb/10/14fa0abf8e7da07258393ae2b783dd4bb60d1fb93ad790296d27561f33ce/fastavro-1.12.2-cp311-cp311-win_amd64.whl", hash = "sha256:eec44256856fd59d29d1f1d0950ace18a58e4228e7d49de5d5e1b1875b227dde", size = 446499, upload-time = "2026-04-24T14:36:28.547Z" },
    { url = "https://files.pythonhosted.org/packages/86/d2/c36f646296794c05d29a07bec84a6c56bfd285203e389a8954987ec1c515/fastavro-1.12.2-cp311-cp311-win_arm64.whl", hash = "sha256:ecd1b23ea7f9af09c865ac8503d07afd7e6bf782d76bb83cbbdba15b7a0db807", size = 388198, upload-time = "2026-04-24T14:36:29.791Z" },
    { url = "https://files.pythonhosted.org/packages/0e/bc/fe5731d6724d978694fbd3196bc1c0d7cab3fd0766e9551c40c39f798b52/fastavro-1.12.2-cp312-cp312-macosx_10_13_universal2.whl", hash = "sha256:0e331896e8efffc72fa03e63b87ebfc37960113127da8e0f5152d91664ffed68", size = 964331, upload-time = "2026-04-24T14:36:31.297Z" },
    { url = "https://files.pythonhosted.org/packages/98/36/50abf1145e4f1c4f418cd4b5f2ac806643d0b14e360b60e953826edf1b34/fastavro-1.12.2-cp312-cp312-manylinux2014_aarch64.manylinux_2_17_aarch64.manylinux_2_28_aarch64.whl", hash = "sha256:7f01ebaada59d74fdf6d28e5031a961a413b3752e9edb0c03866fa18480cf4c8", size = 3340170, upload-time = "2026-04-24T14:36:33.364Z" },
    { url = "https://files.pythonhosted.org/packages/fc/8c/76ef4641e6c1c1aa3e6bb3c9efb5533ffda5dd975c8b5ae54e794322d9e3/fastavro-1.12.2-cp312-cp312-manylinux2014_x86_64.manylinux_2_17_x86_64.manylinux_2_28_x86_64.whl", hash = "sha256:25ef6855935f67582740ffa6bb978e40ec51be876117a3555c36fa2488dcdf25", size = 3425061, upload-time = "2026-04-24T14:36:35.497Z" },
    { url = "https://files.pythonhosted.org/packages/31/10/379ff23425b2b470d5209cbc6736a6e5cbc34392ff17bb7355b8fd4aa0ca/fastavro-1.12.2-cp312-cp312-musllinux_1_2_aarch64.whl", hash = "sha256:84a4f76a0aece0aa72b5ed8162ba2ff8c78908b8361b5a5d92ddd161977ccb74", size = 3243618, upload-time = "2026-04-24T14:36:37.969Z" },
    { url = "https://files.pythonhosted.org/packages/88/29/4c8f9e7cd78f932f0d82823899e67a6d7f7e8f2524992db03956f9d9f5ef/fastavro-1.12.2-cp312-cp312-musllinux_1_2_x86_64.whl", hash = "sha256:81e8da77d201916f6771fc357fda8267c2a256d7aa11923d43bc5f2fc155878b", size = 3378427, upload-time = "2026-04-24T14:36:40.278Z" },
    { url = "https://files.pythonhosted.org/packages/e2/a1/eafeb302aaaea6055d4a9c11272b4aeaf713e43fe8eaf782f43a1fee2b44/fastavro-1.12.2-cp312-cp312-win_amd64.whl", hash = "sha256:1924349c74666c89417bd5cc2749f598e2f15f1d56ee81428b2317ab02c88aae", size = 441077, upload-time = "2026-04-24T14:36:41.791Z" },
    { url = "https://files.pythonhosted.org/packages/56/9d/67e831041ba8efc16265c65bd71ba92e1095bba19b91be99e102f19d9be6/fastavro-1.12.2-cp312-cp312-win_arm64.whl", hash = "sha256:4c346cf449baf3b113e997c34151ad205e7135bc429469b005b180ade7e65e28", size = 378205, upload-time = "2026-04-24T14:36:43.679Z" },
    { url = "https://files.pythonhosted.org/packages/83/39/f489a441d41cc9c0a8449fb1325d7a9c9eb57a5634e6ab19dfb0a1105324/fastavro-1.12.2-cp313-cp313-macosx_10_13_universal2.whl", hash = "sha256:57bb6b908cb2e05baab63b04c3a31be3b4545a10bfab9748b8763016b5256704", size = 958566, upload-time = "2026-04-24T14:36:45.49Z" },
    { url = "https://files.pythonhosted.org/packages/31/69/776cc025aee2d02acacb734cf690d2fbc295eaadde1b5d47caf8c77a6a2b/fastavro-1.12.2-cp313-cp313-manylinux2014_aarch64.manylinux_2_17_aarch64.manylinux_2_28_aarch64.whl", hash = "sha256:3a007f95cc682f56e6d83f1d17c29c00bf719d6fe8e003282b535af3a1ba09c0", size = 3276390, upload-time = "2026-04-24T14:36:47.875Z" },
    { url = "https://files.pythonhosted.org/packages/8c/bc/b7e15fa788f42cbe65827af2ec06c9ad91bb9f72c213110dbef61b53a5b0/fastavro-1.12.2-cp313-cp313-manylinux2014_x86_64.manylinux_2_17_x86_64.manylinux_2_28_x86_64.whl", hash = "sha256:5e90460b0cd21f62be3cb26087e706e2cebb7b3fcef9e05b4473b61bb0415b5e", size = 3372779, upload-time = "2026-04-24T14:36:50.122Z" },
    { url = "https://files.pythonhosted.org/packages/79/c2/98993ca810231fc1397212f48c3d46626983722a24bbaaa5c27ee0963751/fastavro-1.12.2-cp313-cp313-musllinux_1_2_aarch64.whl", hash = "sha256:7ccd15966b8218d41b06ec3e7c2556be89a8a693026c771e6564d2e40bbaf8ea", size = 3187591, upload-time = "2026-04-24T14:36:52.451Z" },
    { url = "https://files.pythonhosted.org/packages/c6/bb/c180f340eba6478f1b20deccdd17e2b4a4d5074dafd812e3c4254fd035f7/fastavro-1.12.2-cp313-cp313-musllinux_1_2_x86_64.whl", hash = "sha256:06b6971d3dae10cb34353b857d16ad21ebd6f0ea394e86c96abdcad109005d6e", size = 3320589, upload-time = "2026-04-24T14:36:54.647Z" },
    { url = "https://files.pythonhosted.org/packages/4d/e9/aca0456216b5b8992e7b0a8542711b66799c05bfe24c8e32ef6f56e7eb93/fastavro-1.12.2-cp313-cp313-win_amd64.whl", hash = "sha256:98dfcdfaf1498ae2f0e2fafe900a82e8320cc81d8ae5a95b8b8879eaa3298c39", size = 440883, upload-time = "2026-04-24T14:36:56.585Z" },
    { url = "https://files.pythonhosted.org/packages/e3/7e/984896e716af504927be71b80a1e9661aa96c6f9e1e777d52823aacb99f2/fastavro-1.12.2-cp313-cp313-win_arm64.whl", hash = "sha256:3888ef7a51adc77cdf07251bc762566a1be36211e1cff689f13980f3776a2f36", size = 377536, upload-time = "2026-04-24T14:36:58.274Z" },
    { url = "https://files.pythonhosted.org/packages/e9/42/09a1e1f8d9998d73848a6ff0aad6713ae6abf0dbf99918776f8ef33344a7/fastavro-1.12.2-cp313-cp313t-macosx_10_13_universal2.whl", hash = "sha256:283dcd3129b632021894425974bedd0eb6db3bbf5994e448ccad10db4d803d31", size = 1049506, upload-time = "2026-04-24T14:36:59.797Z" },
    { url = "https://files.pythonhosted.org/packages/52/ef/80cc16f43919d532f25a707f34b275cccc09dca87a05b000fbbfc8e8f255/fastavro-1.12.2-cp313-cp313t-manylinux2014_aarch64.manylinux_2_17_aarch64.manylinux_2_28_aarch64.whl", hash = "sha256:2d125e210d5a0a1f701f12c0ecad9a03f1b04b5eddbce6ca36a1fc217da977ef", size = 3495899, upload-time = "2026-04-24T14:37:02.306Z" },
    { url = "https://files.pythonhosted.org/packages/c1/54/a0817d1d0236e9e0233f5c996f450cc795b056b8e06edb531f24b9df82ed/fastavro-1.12.2-cp313-cp313t-manylinux2014_x86_64.manylinux_2_17_x86_64.manylinux_2_28_x86_64.whl", hash = "sha256:2d4d66afad78e8f47feaa307728a6b71fe3effc63ba2b9eeb109ee687c9bd397", size = 3399232, upload-time = "2026-04-24T14:37:04.837Z" },
    { url = "https://files.pythonhosted.org/packages/38/0a/650f256c15f5875b6081544b9ba7ed8254329213e7e49e3db0aec68b5bee/fastavro-1.12.2-cp313-cp313t-musllinux_1_2_aarch64.whl", hash = "sha256:2328ec07925c04c89719e3971c9068a165c7fd474ea87675b1204de0440e71ff", size = 3320222, upload-time = "2026-04-24T14:37:07.281Z" },
    { url = "https://files.pythonhosted.org/packages/f5/54/8351d388f94fbb0870e8cffaae41d3cc607acc8d6a8a6a217e2794829593/fastavro-1.12.2-cp313-cp313t-musllinux_1_2_x86_64.whl", hash = "sha256:55dea7e74b834d4b70467fc19c5b9ccb5509fe39abc4d26891187c1b22176423", size = 3337096, upload-time = "2026-04-24T14:37:09.452Z" },
    { url = "https://files.pythonhosted.org/packages/da/eb/b36ba9a88826e8c272df02e2f8b5da717e88b6eb508fddca3ca450043731/fastavro-1.12.2-cp314-cp314-macosx_10_15_universal2.whl", hash = "sha256:8d37c87826ae7195cfbd20fcd448801f2f563bb38f2691ec6574e39cb9eca6c8", size = 963119, upload-time = "2026-04-24T14:37:11.557Z" },
    { url = "https://files.pythonhosted.org/packages/e1/02/3d7f540fb26ba4ea1f4ebd2783c586614da9ac00906a3092e92fd3f104a2/fastavro-1.12.2-cp314-cp314-manylinux2014_aarch64.manylinux_2_17_aarch64.manylinux_2_28_aarch64.whl", hash = "sha256:4c463a3701f293e30d3d62e71e1989f112028d07f87432baf4507eeb57ec3831", size = 3266238, upload-time = "2026-04-24T14:37:13.84Z" },
    { url = "https://files.pythonhosted.org/packages/4c/0b/b77be56c5109da0fc7dcfd7e6b6752fe0a61d0a5c58c6a65e38b4501946a/fastavro-1.12.2-cp314-cp314-manylinux2014_x86_64.manylinux_2_17_x86_64.manylinux_2_28_x86_64.whl", hash = "sha256:f604ba83498e209fff4c7ecc5063a39421dc538dace694bc592f9f338254f3dc", size = 3324020, upload-time = "2026-04-24T14:37:16.096Z" },
    { url = "https://files.pythonhosted.org/packages/e7/6e/951d41f244107e91bf2f59245b71783c03eaab4bdbc960d58316c19652bb/fastavro-1.12.2-cp314-cp314-musllinux_1_2_aarch64.whl", hash = "sha256:bfac2dada8ddc002e8b7d8289d6fad4f070bc1fec20371cec684a7d10d932e96", size = 3170160, upload-time = "2026-04-24T14:37:18.168Z" },
    { url = "https://files.pythonhosted.org/packages/94/6f/2adb571fda448d4afd2466e1cef2963fefdc6b37847da05249983e415f17/fastavro-1.12.2-cp314-cp314-musllinux_1_2_x86_64.whl", hash = "sha256:bc44ba6289fb1f5ee318335958dde6ad6d742dcb4bb8930de843e9024c64b68c", size = 3281842, upload-time = "2026-04-24T14:37:20.833Z" },
    { url = "https://files.pythonhosted.org/packages/17/07/4bad2e96c4c6bae40253be2573cc09c1e5b9ccf821e1ff74e0d33b64bf90/fastavro-1.12.2-cp314-cp314-win_amd64.whl", hash = "sha256:a475418f71c5aed69899813ecccf392429c08c3a63df3030129db71760b0db8f", size = 450903, upload-time = "2026-04-24T14:37:23.059Z" },
    { url = "https://files.pythonhosted.org/packages/5b/b7/180f67ba9a46ba23a1ff6432f48d3087d4f2048579ecc262b00426cb1c63/fastavro-1.12.2-cp314-cp314-win_arm64.whl", hash = "sha256:daec9f9655a1d4636613c47d6d3343f6e039150d66cdce62543e20ca36612a8a", size = 391076, upload-time = "2026-04-24T14:37:24.756Z" },
    { url = "https://files.pythonhosted.org/packages/dd/8f/18f60329b627d2118a4a2b19e8741fbd807d60bf0470554e1bbfb7f1bca3/fastavro-1.12.2-cp314-cp314t-macosx_10_15_universal2.whl", hash = "sha256:57594b72cf663bbd0f3ad8a319a999fc3d7c71065a6799b2c1d1a6a137894c5b", size = 1055430, upload-time = "2026-05-09T21:53:14.364Z" },
    { url = "https://files.pythonhosted.org/packages/d2/ac/a1fa1fc29df0efc89d4946a743b09bdc9500591b5b92083eaf8e93664916/fastavro-1.12.2-cp314-cp314t-manylinux2014_aarch64.manylinux_2_17_aarch64.manylinux_2_28_aarch64.whl", hash = "sha256:74412132bbfb153cbf704517f2c89f7d3e170feb681b13bceace690f66f8d5fa", size = 3503075, upload-time = "2026-04-24T14:37:26.826Z" },
    { url = "https://files.pythonhosted.org/packages/82/bf/4f669e10b6bc38a731ee3400aed1a1e2d0a3e3cf411e72f6b320d3af0eaf/fastavro-1.12.2-cp314-cp314t-manylinux2014_x86_64.manylinux_2_17_x86_64.manylinux_2_28_x86_64.whl", hash = "sha256:e367a84c9133018e0a3bc822abe78d7f1f9a6092991a0ec409468cf4ef260282", size = 3410900, upload-time = "2026-04-24T14:37:29.233Z" },
    { url = "https://files.pythonhosted.org/packages/10/39/ecb19fdae4158a7730b5963fbf1b6d38d74678392d73083be518642af0c1/fastavro-1.12.2-cp314-cp314t-musllinux_1_2_aarch64.whl", hash = "sha256:044fafca0853e9ae14009de7763ac9e8e8f8b96f8a4e90bd58b695443266a370", size = 3335637, upload-time = "2026-04-24T14:37:31.472Z" },
    { url = "https://files.pythonhosted.org/packages/32/f1/f21bd5319113e89ceceed2df840df21e9c5150d181db74b6ba80400f9f48/fastavro-1.12.2-cp314-cp314t-musllinux_1_2_x86_64.whl", hash = "sha256:afede7324822800e4f90e96b9514188a237a60f35e8e7a10b2129c10c78f6e4d", size = 3356664, upload-time = "2026-04-24T14:37:34.231Z" },
    { url = "https://files.pythonhosted.org/packages/9a/92/2c8efbb85f60c29b4eb5fd76852ad4dddb2b5ea65b972d22146ff78b5447/fastavro-1.12.2-cp39-cp39-macosx_10_9_universal2.whl", hash = "sha256:b5539711dfa1ec8f3eca57482b93a48a165af4a99e9d5f41e3af3fb913aadf92", size = 980594, upload-time = "2026-04-24T14:37:36.37Z" },
    { url = "https://files.pythonhosted.org/packages/b2/8d/c8efc93ab2846761c4f8721df5b70172cfe6206bb8ec89555849aee3411f/fastavro-1.12.2-cp39-cp39-manylinux2014_aarch64.manylinux_2_17_aarch64.manylinux_2_28_aarch64.whl", hash = "sha256:c01b0f0ce030a7b89263c0236ca77923eae352c5f35ecf214b04d3aaea8eb2c3", size = 3163191, upload-time = "2026-04-24T14:37:38.896Z" },
    { url = "https://files.pythonhosted.org/packages/60/c5/bdc84d911df182da33ec781daa87fbae8d91d3bc815bec28ffcab7f14053/fastavro-1.12.2-cp39-cp39-manylinux2014_x86_64.manylinux_2_17_x86_64.manylinux_2_28_x86_64.whl", hash = "sha256:742d93f2ca835e4fa83a3ae9ed2bce8b28029ed62ac730f339a37685c23075cd", size = 3174529, upload-time = "2026-04-24T14:37:41.022Z" },
    { url = "https://files.pythonhosted.org/packages/78/09/13b46aec0452d80c21dc1b30e01b613eab3207db996d0b1044445b89d88f/fastavro-1.12.2-cp39-cp39-musllinux_1_2_aarch64.whl", hash = "sha256:ae60df21cc7059e2f3b1928ad2c0b75c6b26f9ada79d992f87b6fc3f50d3877e", size = 3093468, upload-time = "2026-04-24T14:37:43.684Z" },
    { url = "https://files.pythonhosted.org/packages/5e/14/a535ed7d0cfcfcbb7e3aea586e9eed659694c9545d2f781db54f7d026235/fastavro-1.12.2-cp39-cp39-musllinux_1_2_x86_64.whl", hash = "sha256:03614131093a32c90c8fd95ff356c316752b8850cb8a770bc96cef17a003e2fc", size = 3155746, upload-time = "2026-04-24T14:37:45.859Z" },
    { url = "https://files.pythonhosted.org/packages/20/5f/04f47b2826b4a93e4c523877a26a7c7da58ed8090dc9e62772d30c7ec70b/fastavro-1.12.2-cp39-cp39-win_amd64.whl", hash = "sha256:e235dfdabb51993bcd4a8f45c3a54f21a782f7f92b3def0648b0ace45a1b1ac7", size = 506315, upload-time = "2026-04-24T14:37:47.391Z" },
]

[[package]]
name = "kafka-python"
version = "3.0.10"
source = { registry = "https://pypi.org/simple" }
sdist = { url = "https://files.pythonhosted.org/packages/2b/1a/828be30211d0c78d02a7b3bd6dd36d6cc39539693600960315d41192bd5e/kafka_python-3.0.10.tar.gz", hash = "sha256:06950fed5e705ec5207458ca6ae43b6c0ae1de4146ddbf7877f42a893830100c", size = 513160, upload-time = "2026-08-04T23:44:15.106Z" }
wheels = [
    { url = "https://files.pythonhosted.org/packages/87/e1/23a30f129281533f14c09616f3182dee952eaf70d62c2342387b888d9047/kafka_python-3.0.10-py3-none-any.whl", hash = "sha256:9b2597f194009dcab8f7207ce9a15d59cb5d30bf5aa742fea69dffbd2866b2d1", size = 614240, upload-time = "2026-08-04T23:44:12.336Z" },
]

[[package]]
name = "kafkaml-datasources"
version = "0.1.0"
source = { editable = "." }
dependencies = [
    { name = "fastavro" },
    { name = "kafka-python" },
]

[package.metadata]
requires-dist = [
    { name = "fastavro", specifier = "==1.12.2" },
    { name = "kafka-python", specifier = "==3.0.10" },
]
